
Microsoft Visual Studio Solution File, Format Version 12.00
# Visual Studio Version 16
VisualStudioVersion = 16.0.29728.190
MinimumVisualStudioVersion = 10.0.40219.1
Project("{8BC9CEB8-8B4A-11D0-8D11-00A0C91BC942}") = "Project1", "Project1.vcxproj", "{5F226DFE-367E-4BCC-8E4E-250826A2ECFE}"
EndProject
Global
	GlobalSection(SolutionConfigurationPlatforms) = preSolution
		Debug|x64 = Debug|x64
		Debug|x86 = Debug|x86
		Release|x64 = Release|x64
		Release|x86 = Release|x86
	EndGlobalSection
	GlobalSection(ProjectConfigurationPlatforms) = postSolution
		{5F226DFE-367E-4BCC-8E4E-250826A2ECFE}.Debug|x64.ActiveCfg = Debug|x64
		{5F226DFE-367E-4BCC-8E4E-250826A2ECFE}.Debug|x64.Build.0 = Debug|x64
		{5F226DFE-367E-4BCC-8E4E-250826A2ECFE}.Debug|x86.ActiveCfg = Debug|Win32
		{5F226DFE-367E-4BCC-8E4E-250826A2ECFE}.Debug|x86.Build.0 = Debug|Win32
		{5F226DFE-367E-4BCC-8E4E-250826A2ECFE}.Release|x64.ActiveCfg = Release|x64
		{5F226DFE-367E-4BCC-8E4E-250826A2ECFE}.Release|x64.Build.0 = Release|x64
		{5F226DFE-367E-4BCC-8E4E-250826A2ECFE}.Release|x86.ActiveCfg = Release|Win32
		{5F226DFE-367E-4BCC-8E4E-250826A2ECFE}.Release|x86.Build.0 = Release|Win32
	EndGlobalSection
	GlobalSection(SolutionProperties) = preSolution
		HideSolutionNode = FALSE
	EndGlobalSection
	GlobalSection(ExtensibilityGlobals) = postSolution
		SolutionGuid = {85C7E588-27F1-4ECF-82E6-5C4CA6408164}
	EndGlobalSection
EndGlobal
